
Microsoft Visual Studio Solution File, Format Version 12.00
# Visual Studio Version 17
VisualStudioVersion = 17.3.32922.545
MinimumVisualStudioVersion = 10.0.40219.1
Project("{FAE04EC0-301F-11D3-BF4B-00C04F79EFBC}") = "QCommon", "QCommon\QCommon.csproj", "{6246F91E-8994-495B-A832-25B71B15E061}"
EndProject
Project("{D954291E-2A0B-460D-934E-DC6B0785DB48}") = "QCommon Shared", "QCommon\Shared\QCommon Shared.shproj", "{233B2695-91AD-4B85-A778-1FFF467FAE35}"
EndProject
Project("{D954291E-2A0B-460D-934E-DC6B0785DB48}") = "QCommon Harmony", "QCommon\Harmony\QCommon Harmony.shproj", "{9D9EC2D2-3CEE-42E2-8296-FA667D0B73E6}"
EndProject
Global
	GlobalSection(SolutionConfigurationPlatforms) = preSolution
		Debug|Any CPU = Debug|Any CPU
		Release|Any CPU = Release|Any CPU
	EndGlobalSection
	GlobalSection(ProjectConfigurationPlatforms) = postSolution
		{6246F91E-8994-495B-A832-25B71B15E061}.Debug|Any CPU.ActiveCfg = Debug|Any CPU
		{6246F91E-8994-495B-A832-25B71B15E061}.Debug|Any CPU.Build.0 = Debug|Any CPU
		{6246F91E-8994-495B-A832-25B71B15E061}.Release|Any CPU.ActiveCfg = Release|Any CPU
		{6246F91E-8994-495B-A832-25B71B15E061}.Release|Any CPU.Build.0 = Release|Any CPU
	EndGlobalSection
	GlobalSection(SolutionProperties) = preSolution
		HideSolutionNode = FALSE
	EndGlobalSection
	GlobalSection(ExtensibilityGlobals) = postSolution
		SolutionGuid = {8866EE4E-5A78-484F-8054-B1A093CF6D9F}
	EndGlobalSection
	GlobalSection(SharedMSBuildProjectFiles) = preSolution
		QCommon\Shared\QCommon Shared.projitems*{233b2695-91ad-4b85-a778-1fff467fae35}*SharedItemsImports = 13
		QCommon\Harmony\QCommon Harmony.projitems*{9d9ec2d2-3cee-42e2-8296-fa667d0b73e6}*SharedItemsImports = 13
	EndGlobalSection
EndGlobal
